
Microsoft Visual Studio Solution File, Format Version 12.00
# Visual Studio Version 17
VisualStudioVersion = 17.11.35303.130
MinimumVisualStudioVersion = 10.0.40219.1
Project("{2150E333-8FDC-42A3-9474-1A3956D46DE8}") = "Task0", "Task0", "{4FD0B8C0-2504-441D-A751-0CB0722C57FA}"
EndProject
Project("{9A19103F-16F7-4668-BE54-9A1E7A4F7556}") = "Tyuiu.ChelolyanAE.Sprint3.Task0.V17", "Tyuiu.ChelolyanAE.Sprint3.Task0.V17\Tyuiu.ChelolyanAE.Sprint3.Task0.V17.csproj", "{089FEF71-1030-488A-8D84-B2FF9D0D9D0D}"
EndProject
Project("{9A19103F-16F7-4668-BE54-9A1E7A4F7556}") = "Tyuiu.ChelolyanAE.Sprint3.Task0.V17.Lib", "Tyuiu.ChelolyanAE.Sprint3.Task0.V17.Lib\Tyuiu.ChelolyanAE.Sprint3.Task0.V17.Lib.csproj", "{71ADEB70-CA87-49AB-B1CE-55933A141C6A}"
EndProject
Project("{9A19103F-16F7-4668-BE54-9A1E7A4F7556}") = "Tyuiu.ChelolyanAE.Sprint3.Task0.V17.Test", "Tyuiu.ChelolyanAE.Sprint3.Task0.V17.Test\Tyuiu.ChelolyanAE.Sprint3.Task0.V17.Test.csproj", "{0A1E0719-BEEB-4AFF-A94B-24D5DC401A59}"
EndProject
Project("{2150E333-8FDC-42A3-9474-1A3956D46DE8}") = "Task1", "Task1", "{2ACA1F21-189C-4D70-90AD-B8997AB27270}"
EndProject
Project("{9A19103F-16F7-4668-BE54-9A1E7A4F7556}") = "Tyuiu.ChelolyanAE.Sprint3.Task1.V16", "Tyuiu.ChelolyanAE.Sprint3.Task1.V16\Tyuiu.ChelolyanAE.Sprint3.Task1.V16.csproj", "{5CEC54F3-3DE3-4E0C-9D54-0EB385AAC749}"
EndProject
Project("{9A19103F-16F7-4668-BE54-9A1E7A4F7556}") = "Tyuiu.ChelolyanAE.Sprint3.Task1.V16.Lib", "Tyuiu.ChelolyanAE.Sprint3.Task1.V16.Lib\Tyuiu.ChelolyanAE.Sprint3.Task1.V16.Lib.csproj", "{A6F04DC9-118E-4EC0-BA20-C409BC3CB4AD}"
EndProject
Project("{9A19103F-16F7-4668-BE54-9A1E7A4F7556}") = "Tyuiu.ChelolyanAE.Sprint3.Task1.V16.Test", "Tyuiu.ChelolyanAE.Sprint3.Task1.V16.Test\Tyuiu.ChelolyanAE.Sprint3.Task1.V16.Test.csproj", "{2040A98D-EFFC-4252-BC29-6AB34187060D}"
EndProject
Project("{2150E333-8FDC-42A3-9474-1A3956D46DE8}") = "Task2", "Task2", "{9186D7BE-7DCF-4705-9DC2-E9FF283209D7}"
EndProject
Project("{9A19103F-16F7-4668-BE54-9A1E7A4F7556}") = "Tyuiu.ChelolyanAE.Sprint3.Task2.V4", "Tyuiu.ChelolyanAE.Sprint3.Task2.V4\Tyuiu.ChelolyanAE.Sprint3.Task2.V4.csproj", "{BF08146B-59DA-4C56-A75C-FF3A55DCD905}"
EndProject
Project("{9A19103F-16F7-4668-BE54-9A1E7A4F7556}") = "Tyuiu.ChelolyanAE.Sprint3.Task2.V4.Lib", "Tyuiu.ChelolyanAE.Sprint3.Task2.V4.Lib\Tyuiu.ChelolyanAE.Sprint3.Task2.V4.Lib.csproj", "{3210E01A-DE5F-4AED-A7E0-DF7E27E87270}"
EndProject
Project("{9A19103F-16F7-4668-BE54-9A1E7A4F7556}") = "Tyuiu.ChelolyanAE.Sprint3.Task2.V4.Test", "Tyuiu.ChelolyanAE.Sprint3.Task2.V4.Test\Tyuiu.ChelolyanAE.Sprint3.Task2.V4.Test.csproj", "{BE51CE56-F532-4045-B703-DF2C472B96ED}"
EndProject
Project("{2150E333-8FDC-42A3-9474-1A3956D46DE8}") = "Task3", "Task3", "{DF1EA565-8A6B-43DB-9E53-2D21630C8B2E}"
EndProject
Project("{9A19103F-16F7-4668-BE54-9A1E7A4F7556}") = "Tyuiu.ChelolyanAE.Sprint3.Task3.V3", "Tyuiu.ChelolyanAE.Sprint3.Task3.V3\Tyuiu.ChelolyanAE.Sprint3.Task3.V3.csproj", "{90A186AA-F321-4D2B-B90C-3FB976C11CD4}"
EndProject
Project("{9A19103F-16F7-4668-BE54-9A1E7A4F7556}") = "Tyuiu.ChelolyanAE.Sprint3.Task3.V3.Lib", "Tyuiu.ChelolyanAE.Sprint3.Task3.V3.Lib\Tyuiu.ChelolyanAE.Sprint3.Task3.V3.Lib.csproj", "{D8A3DA93-EF79-4637-A422-72FCAAC91DA8}"
EndProject
Project("{9A19103F-16F7-4668-BE54-9A1E7A4F7556}") = "Tyuiu.ChelolyanAE.Sprint3.Task3.V3.Test", "Tyuiu.ChelolyanAE.Sprint3.Task3.V3.Test\Tyuiu.ChelolyanAE.Sprint3.Task3.V3.Test.csproj", "{CBBFFFE0-5E27-4C7F-A4C4-3D5C7107652D}"
EndProject
Project("{2150E333-8FDC-42A3-9474-1A3956D46DE8}") = "Task4", "Task4", "{4752A54D-C2D7-4199-A563-08366F763ADF}"
EndProject
Project("{9A19103F-16F7-4668-BE54-9A1E7A4F7556}") = "Tyuiu.ChelolyanAE.Sprint3.Task4.V10", "Tyuiu.ChelolyanAE.Sprint3.Task4.V10\Tyuiu.ChelolyanAE.Sprint3.Task4.V10.csproj", "{35283BD9-0D3E-48E1-B92B-EABC43F0D0A6}"
EndProject
Project("{9A19103F-16F7-4668-BE54-9A1E7A4F7556}") = "Tyuiu.ChelolyanAE.Sprint3.Task4.V10.Lib", "Tyuiu.ChelolyanAE.Sprint3.Task4.V10.Lib\Tyuiu.ChelolyanAE.Sprint3.Task4.V10.Lib.csproj", "{A08C19F9-6150-4292-B86C-27D0DAB4E054}"
EndProject
Project("{9A19103F-16F7-4668-BE54-9A1E7A4F7556}") = "Tyuiu.ChelolyanAE.Sprint3.Task4.V10.Test", "Tyuiu.ChelolyanAE.Sprint3.Task4.V10.Test\Tyuiu.ChelolyanAE.Sprint3.Task4.V10.Test.csproj", "{575EFAA2-9F54-43FC-A671-9773AFB1E4B6}"
EndProject
Project("{2150E333-8FDC-42A3-9474-1A3956D46DE8}") = "Task5", "Task5", "{22688D72-FC2C-4155-99C0-76084C65246B}"
EndProject
Project("{9A19103F-16F7-4668-BE54-9A1E7A4F7556}") = "Tyuiu.ChelolyanAE.Sprint3.Task5.V21", "Tyuiu.ChelolyanAE.Sprint3.Task5.V21\Tyuiu.ChelolyanAE.Sprint3.Task5.V21.csproj", "{F4C26D76-9793-4722-9AE2-4797E2D30D22}"
EndProject
Project("{9A19103F-16F7-4668-BE54-9A1E7A4F7556}") = "Tyuiu.ChelolyanAE.Sprint3.Task5.V21.Lib", "Tyuiu.ChelolyanAE.Sprint3.Task5.V21.Lib\Tyuiu.ChelolyanAE.Sprint3.Task5.V21.Lib.csproj", "{4BB3A658-798C-49CE-AACC-F80095859FE5}"
EndProject
Project("{9A19103F-16F7-4668-BE54-9A1E7A4F7556}") = "Tyuiu.ChelolyanAE.Sprint3.Task5.V21.Test", "Tyuiu.ChelolyanAE.Sprint3.Task5.V21.Test\Tyuiu.ChelolyanAE.Sprint3.Task5.V21.Test.csproj", "{DEE60200-A51C-47EA-A3E6-B7333E4BD550}"
EndProject
Project("{2150E333-8FDC-42A3-9474-1A3956D46DE8}") = "Task6", "Task6", "{D173E748-8F14-4F34-B00F-267F74FBE98B}"
EndProject
Project("{9A19103F-16F7-4668-BE54-9A1E7A4F7556}") = "Tyuiu.ChelolyanAE.Sprint3.Task6.V5", "Tyuiu.ChelolyanAE.Sprint3.Task6.V5\Tyuiu.ChelolyanAE.Sprint3.Task6.V5.csproj", "{6B60BCD9-F369-4C96-B37A-03AD608D76E6}"
EndProject
Project("{9A19103F-16F7-4668-BE54-9A1E7A4F7556}") = "Tyuiu.ChelolyanAE.Sprint3.Task6.V5.Lib", "Tyuiu.ChelolyanAE.Sprint3.Task6.V5.Lib\Tyuiu.ChelolyanAE.Sprint3.Task6.V5.Lib.csproj", "{919FFE77-7F6D-448D-84BD-AA700E50CBEF}"
EndProject
Project("{9A19103F-16F7-4668-BE54-9A1E7A4F7556}") = "Tyuiu.ChelolyanAE.Sprint3.Task6.V5.Test", "Tyuiu.ChelolyanAE.Sprint3.Task6.V5.Test\Tyuiu.ChelolyanAE.Sprint3.Task6.V5.Test.csproj", "{C479AD46-3C88-477C-8DE3-DA24E8579EC8}"
EndProject
Project("{2150E333-8FDC-42A3-9474-1A3956D46DE8}") = "Task7", "Task7", "{04E7ED0E-BA22-4B12-92CF-35811AD6ECA2}"
EndProject
Project("{FAE04EC0-301F-11D3-BF4B-00C04F79EFBC}") = "Tyuiu.ChelolyanAE.Sprint3.Task7.V20", "Tyuiu.ChelolyanAE.Sprint3.Task7.V20\Tyuiu.ChelolyanAE.Sprint3.Task7.V20.csproj", "{70017951-4FED-4458-9D08-DFE609259B94}"
EndProject
Project("{FAE04EC0-301F-11D3-BF4B-00C04F79EFBC}") = "Tyuiu.ChelolyanAE.Sprint3.Task7.V20.Lib", "Tyuiu.ChelolyanAE.Sprint3.Task7.V20.Lib\Tyuiu.ChelolyanAE.Sprint3.Task7.V20.Lib.csproj", "{134E4BEA-8965-4F0F-995A-25EA4A204ADB}"
EndProject
Project("{FAE04EC0-301F-11D3-BF4B-00C04F79EFBC}") = "Tyuiu.ChelolyanAE.Sprint3.Task7.V20.Test", "Tyuiu.ChelolyanAE.Sprint3.Task7.V20.Test\Tyuiu.ChelolyanAE.Sprint3.Task7.V20.Test.csproj", "{A1EDEBF9-DD42-44C5-96DE-783FFBBE3D99}"
EndProject
Global
	GlobalSection(SolutionConfigurationPlatforms) = preSolution
		Debug|Any CPU = Debug|Any CPU
		Release|Any CPU = Release|Any CPU
	EndGlobalSection
	GlobalSection(ProjectConfigurationPlatforms) = postSolution
		{089FEF71-1030-488A-8D84-B2FF9D0D9D0D}.Debug|Any CPU.ActiveCfg = Debug|Any CPU
		{089FEF71-1030-488A-8D84-B2FF9D0D9D0D}.Debug|Any CPU.Build.0 = Debug|Any CPU
		{089FEF71-1030-488A-8D84-B2FF9D0D9D0D}.Release|Any CPU.ActiveCfg = Release|Any CPU
		{089FEF71-1030-488A-8D84-B2FF9D0D9D0D}.Release|Any CPU.Build.0 = Release|Any CPU
		{71ADEB70-CA87-49AB-B1CE-55933A141C6A}.Debug|Any CPU.ActiveCfg = Debug|Any CPU
		{71ADEB70-CA87-49AB-B1CE-55933A141C6A}.Debug|Any CPU.Build.0 = Debug|Any CPU
		{71ADEB70-CA87-49AB-B1CE-55933A141C6A}.Release|Any CPU.ActiveCfg = Release|Any CPU
		{71ADEB70-CA87-49AB-B1CE-55933A141C6A}.Release|Any CPU.Build.0 = Release|Any CPU
		{0A1E0719-BEEB-4AFF-A94B-24D5DC401A59}.Debug|Any CPU.ActiveCfg = Debug|Any CPU
		{0A1E0719-BEEB-4AFF-A94B-24D5DC401A59}.Debug|Any CPU.Build.0 = Debug|Any CPU
		{0A1E0719-BEEB-4AFF-A94B-24D5DC401A59}.Release|Any CPU.ActiveCfg = Release|Any CPU
		{0A1E0719-BEEB-4AFF-A94B-24D5DC401A59}.Release|Any CPU.Build.0 = Release|Any CPU
		{5CEC54F3-3DE3-4E0C-9D54-0EB385AAC749}.Debug|Any CPU.ActiveCfg = Debug|Any CPU
		{5CEC54F3-3DE3-4E0C-9D54-0EB385AAC749}.Debug|Any CPU.Build.0 = Debug|Any CPU
		{5CEC54F3-3DE3-4E0C-9D54-0EB385AAC749}.Release|Any CPU.ActiveCfg = Release|Any CPU
		{5CEC54F3-3DE3-4E0C-9D54-0EB385AAC749}.Release|Any CPU.Build.0 = Release|Any CPU
		{A6F04DC9-118E-4EC0-BA20-C409BC3CB4AD}.Debug|Any CPU.ActiveCfg = Debug|Any CPU
		{A6F04DC9-118E-4EC0-BA20-C409BC3CB4AD}.Debug|Any CPU.Build.0 = Debug|Any CPU
		{A6F04DC9-118E-4EC0-BA20-C409BC3CB4AD}.Release|Any CPU.ActiveCfg = Release|Any CPU
		{A6F04DC9-118E-4EC0-BA20-C409BC3CB4AD}.Release|Any CPU.Build.0 = Release|Any CPU
		{2040A98D-EFFC-4252-BC29-6AB34187060D}.Debug|Any CPU.ActiveCfg = Debug|Any CPU
		{2040A98D-EFFC-4252-BC29-6AB34187060D}.Debug|Any CPU.Build.0 = Debug|Any CPU
		{2040A98D-EFFC-4252-BC29-6AB34187060D}.Release|Any CPU.ActiveCfg = Release|Any CPU
		{2040A98D-EFFC-4252-BC29-6AB34187060D}.Release|Any CPU.Build.0 = Release|Any CPU
		{BF08146B-59DA-4C56-A75C-FF3A55DCD905}.Debug|Any CPU.ActiveCfg = Debug|Any CPU
		{BF08146B-59DA-4C56-A75C-FF3A55DCD905}.Debug|Any CPU.Build.0 = Debug|Any CPU
		{BF08146B-59DA-4C56-A75C-FF3A55DCD905}.Release|Any CPU.ActiveCfg = Release|Any CPU
		{BF08146B-59DA-4C56-A75C-FF3A55DCD905}.Release|Any CPU.Build.0 = Release|Any CPU
		{3210E01A-DE5F-4AED-A7E0-DF7E27E87270}.Debug|Any CPU.ActiveCfg = Debug|Any CPU
		{3210E01A-DE5F-4AED-A7E0-DF7E27E87270}.Debug|Any CPU.Build.0 = Debug|Any CPU
		{3210E01A-DE5F-4AED-A7E0-DF7E27E87270}.Release|Any CPU.ActiveCfg = Release|Any CPU
		{3210E01A-DE5F-4AED-A7E0-DF7E27E87270}.Release|Any CPU.Build.0 = Release|Any CPU
		{BE51CE56-F532-4045-B703-DF2C472B96ED}.Debug|Any CPU.ActiveCfg = Debug|Any CPU
		{BE51CE56-F532-4045-B703-DF2C472B96ED}.Debug|Any CPU.Build.0 = Debug|Any CPU
		{BE51CE56-F532-4045-B703-DF2C472B96ED}.Release|Any CPU.ActiveCfg = Release|Any CPU
		{BE51CE56-F532-4045-B703-DF2C472B96ED}.Release|Any CPU.Build.0 = Release|Any CPU
		{90A186AA-F321-4D2B-B90C-3FB976C11CD4}.Debug|Any CPU.ActiveCfg = Debug|Any CPU
		{90A186AA-F321-4D2B-B90C-3FB976C11CD4}.Debug|Any CPU.Build.0 = Debug|Any CPU
		{90A186AA-F321-4D2B-B90C-3FB976C11CD4}.Release|Any CPU.ActiveCfg = Release|Any CPU
		{90A186AA-F321-4D2B-B90C-3FB976C11CD4}.Release|Any CPU.Build.0 = Release|Any CPU
		{D8A3DA93-EF79-4637-A422-72FCAAC91DA8}.Debug|Any CPU.ActiveCfg = Debug|Any CPU
		{D8A3DA93-EF79-4637-A422-72FCAAC91DA8}.Debug|Any CPU.Build.0 = Debug|Any CPU
		{D8A3DA93-EF79-4637-A422-72FCAAC91DA8}.Release|Any CPU.ActiveCfg = Release|Any CPU
		{D8A3DA93-EF79-4637-A422-72FCAAC91DA8}.Release|Any CPU.Build.0 = Release|Any CPU
		{CBBFFFE0-5E27-4C7F-A4C4-3D5C7107652D}.Debug|Any CPU.ActiveCfg = Debug|Any CPU
		{CBBFFFE0-5E27-4C7F-A4C4-3D5C7107652D}.Debug|Any CPU.Build.0 = Debug|Any CPU
		{CBBFFFE0-5E27-4C7F-A4C4-3D5C7107652D}.Release|Any CPU.ActiveCfg = Release|Any CPU
		{CBBFFFE0-5E27-4C7F-A4C4-3D5C7107652D}.Release|Any CPU.Build.0 = Release|Any CPU
		{35283BD9-0D3E-48E1-B92B-EABC43F0D0A6}.Debug|Any CPU.ActiveCfg = Debug|Any CPU
		{35283BD9-0D3E-48E1-B92B-EABC43F0D0A6}.Debug|Any CPU.Build.0 = Debug|Any CPU
		{35283BD9-0D3E-48E1-B92B-EABC43F0D0A6}.Release|Any CPU.ActiveCfg = Release|Any CPU
		{35283BD9-0D3E-48E1-B92B-EABC43F0D0A6}.Release|Any CPU.Build.0 = Release|Any CPU
		{A08C19F9-6150-4292-B86C-27D0DAB4E054}.Debug|Any CPU.ActiveCfg = Debug|Any CPU
		{A08C19F9-6150-4292-B86C-27D0DAB4E054}.Debug|Any CPU.Build.0 = Debug|Any CPU
		{A08C19F9-6150-4292-B86C-27D0DAB4E054}.Release|Any CPU.ActiveCfg = Release|Any CPU
		{A08C19F9-6150-4292-B86C-27D0DAB4E054}.Release|Any CPU.Build.0 = Release|Any CPU
		{575EFAA2-9F54-43FC-A671-9773AFB1E4B6}.Debug|Any CPU.ActiveCfg = Debug|Any CPU
		{575EFAA2-9F54-43FC-A671-9773AFB1E4B6}.Debug|Any CPU.Build.0 = Debug|Any CPU
		{575EFAA2-9F54-43FC-A671-9773AFB1E4B6}.Release|Any CPU.ActiveCfg = Release|Any CPU
		{575EFAA2-9F54-43FC-A671-9773AFB1E4B6}.Release|Any CPU.Build.0 = Release|Any CPU
		{F4C26D76-9793-4722-9AE2-4797E2D30D22}.Debug|Any CPU.ActiveCfg = Debug|Any CPU
		{F4C26D76-9793-4722-9AE2-4797E2D30D22}.Debug|Any CPU.Build.0 = Debug|Any CPU
		{F4C26D76-9793-4722-9AE2-4797E2D30D22}.Release|Any CPU.ActiveCfg = Release|Any CPU
		{F4C26D76-9793-4722-9AE2-4797E2D30D22}.Release|Any CPU.Build.0 = Release|Any CPU
		{4BB3A658-798C-49CE-AACC-F80095859FE5}.Debug|Any CPU.ActiveCfg = Debug|Any CPU
		{4BB3A658-798C-49CE-AACC-F80095859FE5}.Debug|Any CPU.Build.0 = Debug|Any CPU
		{4BB3A658-798C-49CE-AACC-F80095859FE5}.Release|Any CPU.ActiveCfg = Release|Any CPU
		{4BB3A658-798C-49CE-AACC-F80095859FE5}.Release|Any CPU.Build.0 = Release|Any CPU
		{DEE60200-A51C-47EA-A3E6-B7333E4BD550}.Debug|Any CPU.ActiveCfg = Debug|Any CPU
		{DEE60200-A51C-47EA-A3E6-B7333E4BD550}.Debug|Any CPU.Build.0 = Debug|Any CPU
		{DEE60200-A51C-47EA-A3E6-B7333E4BD550}.Release|Any CPU.ActiveCfg = Release|Any CPU
		{DEE60200-A51C-47EA-A3E6-B7333E4BD550}.Release|Any CPU.Build.0 = Release|Any CPU
		{6B60BCD9-F369-4C96-B37A-03AD608D76E6}.Debug|Any CPU.ActiveCfg = Debug|Any CPU
		{6B60BCD9-F369-4C96-B37A-03AD608D76E6}.Debug|Any CPU.Build.0 = Debug|Any CPU
		{6B60BCD9-F369-4C96-B37A-03AD608D76E6}.Release|Any CPU.ActiveCfg = Release|Any CPU
		{6B60BCD9-F369-4C96-B37A-03AD608D76E6}.Release|Any CPU.Build.0 = Release|Any CPU
		{919FFE77-7F6D-448D-84BD-AA700E50CBEF}.Debug|Any CPU.ActiveCfg = Debug|Any CPU
		{919FFE77-7F6D-448D-84BD-AA700E50CBEF}.Debug|Any CPU.Build.0 = Debug|Any CPU
		{919FFE77-7F6D-448D-84BD-AA700E50CBEF}.Release|Any CPU.ActiveCfg = Release|Any CPU
		{919FFE77-7F6D-448D-84BD-AA700E50CBEF}.Release|Any CPU.Build.0 = Release|Any CPU
		{C479AD46-3C88-477C-8DE3-DA24E8579EC8}.Debug|Any CPU.ActiveCfg = Debug|Any CPU
		{C479AD46-3C88-477C-8DE3-DA24E8579EC8}.Debug|Any CPU.Build.0 = Debug|Any CPU
		{C479AD46-3C88-477C-8DE3-DA24E8579EC8}.Release|Any CPU.ActiveCfg = Release|Any CPU
		{C479AD46-3C88-477C-8DE3-DA24E8579EC8}.Release|Any CPU.Build.0 = Release|Any CPU
		{70017951-4FED-4458-9D08-DFE609259B94}.Debug|Any CPU.ActiveCfg = Debug|Any CPU
		{70017951-4FED-4458-9D08-DFE609259B94}.Debug|Any CPU.Build.0 = Debug|Any CPU
		{70017951-4FED-4458-9D08-DFE609259B94}.Release|Any CPU.ActiveCfg = Release|Any CPU
		{70017951-4FED-4458-9D08-DFE609259B94}.Release|Any CPU.Build.0 = Release|Any CPU
		{134E4BEA-8965-4F0F-995A-25EA4A204ADB}.Debug|Any CPU.ActiveCfg = Debug|Any CPU
		{134E4BEA-8965-4F0F-995A-25EA4A204ADB}.Debug|Any CPU.Build.0 = Debug|Any CPU
		{134E4BEA-8965-4F0F-995A-25EA4A204ADB}.Release|Any CPU.ActiveCfg = Release|Any CPU
		{134E4BEA-8965-4F0F-995A-25EA4A204ADB}.Release|Any CPU.Build.0 = Release|Any CPU
		{A1EDEBF9-DD42-44C5-96DE-783FFBBE3D99}.Debug|Any CPU.ActiveCfg = Debug|Any CPU
		{A1EDEBF9-DD42-44C5-96DE-783FFBBE3D99}.Debug|Any CPU.Build.0 = Debug|Any CPU
		{A1EDEBF9-DD42-44C5-96DE-783FFBBE3D99}.Release|Any CPU.ActiveCfg = Release|Any CPU
		{A1EDEBF9-DD42-44C5-96DE-783FFBBE3D99}.Release|Any CPU.Build.0 = Release|Any CPU
	EndGlobalSection
	GlobalSection(SolutionProperties) = preSolution
		HideSolutionNode = FALSE
	EndGlobalSection
	GlobalSection(NestedProjects) = preSolution
		{089FEF71-1030-488A-8D84-B2FF9D0D9D0D} = {4FD0B8C0-2504-441D-A751-0CB0722C57FA}
		{71ADEB70-CA87-49AB-B1CE-55933A141C6A} = {4FD0B8C0-2504-441D-A751-0CB0722C57FA}
		{0A1E0719-BEEB-4AFF-A94B-24D5DC401A59} = {4FD0B8C0-2504-441D-A751-0CB0722C57FA}
		{5CEC54F3-3DE3-4E0C-9D54-0EB385AAC749} = {2ACA1F21-189C-4D70-90AD-B8997AB27270}
		{A6F04DC9-118E-4EC0-BA20-C409BC3CB4AD} = {2ACA1F21-189C-4D70-90AD-B8997AB27270}
		{2040A98D-EFFC-4252-BC29-6AB34187060D} = {2ACA1F21-189C-4D70-90AD-B8997AB27270}
		{BF08146B-59DA-4C56-A75C-FF3A55DCD905} = {9186D7BE-7DCF-4705-9DC2-E9FF283209D7}
		{3210E01A-DE5F-4AED-A7E0-DF7E27E87270} = {9186D7BE-7DCF-4705-9DC2-E9FF283209D7}
		{BE51CE56-F532-4045-B703-DF2C472B96ED} = {9186D7BE-7DCF-4705-9DC2-E9FF283209D7}
		{90A186AA-F321-4D2B-B90C-3FB976C11CD4} = {DF1EA565-8A6B-43DB-9E53-2D21630C8B2E}
		{D8A3DA93-EF79-4637-A422-72FCAAC91DA8} = {DF1EA565-8A6B-43DB-9E53-2D21630C8B2E}
		{CBBFFFE0-5E27-4C7F-A4C4-3D5C7107652D} = {DF1EA565-8A6B-43DB-9E53-2D21630C8B2E}
		{35283BD9-0D3E-48E1-B92B-EABC43F0D0A6} = {4752A54D-C2D7-4199-A563-08366F763ADF}
		{A08C19F9-6150-4292-B86C-27D0DAB4E054} = {4752A54D-C2D7-4199-A563-08366F763ADF}
		{575EFAA2-9F54-43FC-A671-9773AFB1E4B6} = {4752A54D-C2D7-4199-A563-08366F763ADF}
		{F4C26D76-9793-4722-9AE2-4797E2D30D22} = {22688D72-FC2C-4155-99C0-76084C65246B}
		{4BB3A658-798C-49CE-AACC-F80095859FE5} = {22688D72-FC2C-4155-99C0-76084C65246B}
		{DEE60200-A51C-47EA-A3E6-B7333E4BD550} = {22688D72-FC2C-4155-99C0-76084C65246B}
		{6B60BCD9-F369-4C96-B37A-03AD608D76E6} = {D173E748-8F14-4F34-B00F-267F74FBE98B}
		{919FFE77-7F6D-448D-84BD-AA700E50CBEF} = {D173E748-8F14-4F34-B00F-267F74FBE98B}
		{C479AD46-3C88-477C-8DE3-DA24E8579EC8} = {D173E748-8F14-4F34-B00F-267F74FBE98B}
		{70017951-4FED-4458-9D08-DFE609259B94} = {04E7ED0E-BA22-4B12-92CF-35811AD6ECA2}
		{134E4BEA-8965-4F0F-995A-25EA4A204ADB} = {04E7ED0E-BA22-4B12-92CF-35811AD6ECA2}
		{A1EDEBF9-DD42-44C5-96DE-783FFBBE3D99} = {04E7ED0E-BA22-4B12-92CF-35811AD6ECA2}
	EndGlobalSection
	GlobalSection(ExtensibilityGlobals) = postSolution
		SolutionGuid = {E8241196-8F17-43CB-AE4F-8FC23CC692D0}
	EndGlobalSection
EndGlobal
